// !$*UTF8*$!
{
	archiveVersion = 1;
	classes = {
	};
	objectVersion = 56;
	objects = {

/* Begin PBXBuildFile section */
		B2A664BC2A960DCC00AC8058 /* AppDelegate.swift in Sources */ = {isa = PBXBuildFile; fileRef = B2A664BB2A960DCC00AC8058 /* AppDelegate.swift */; };
		B2A664BE2A960DCC00AC8058 /* SceneDelegate.swift in Sources */ = {isa = PBXBuildFile; fileRef = B2A664BD2A960DCC00AC8058 /* SceneDelegate.swift */; };
		B2A664C52A960DCD00AC8058 /* Assets.xcassets in Resources */ = {isa = PBXBuildFile; fileRef = B2A664C42A960DCD00AC8058 /* Assets.xcassets */; };
		B2A664C82A960DCD00AC8058 /* LaunchScreen.storyboard in Resources */ = {isa = PBXBuildFile; fileRef = B2A664C62A960DCD00AC8058 /* LaunchScreen.storyboard */; };
		B2A664D82A960ED600AC8058 /* ConversationsVC.swift in Sources */ = {isa = PBXBuildFile; fileRef = B2A664D62A960ED600AC8058 /* ConversationsVC.swift */; };
		B2A664D92A960ED600AC8058 /* ConversationsVC.xib in Resources */ = {isa = PBXBuildFile; fileRef = B2A664D72A960ED600AC8058 /* ConversationsVC.xib */; };
		B2A664DD2A9612AA00AC8058 /* LoginVC.swift in Sources */ = {isa = PBXBuildFile; fileRef = B2A664DB2A9612AA00AC8058 /* LoginVC.swift */; };
		B2A664DE2A9612AA00AC8058 /* LoginVC.xib in Resources */ = {isa = PBXBuildFile; fileRef = B2A664DC2A9612AA00AC8058 /* LoginVC.xib */; };
		B2A664E22A9612EF00AC8058 /* RegisterVC.swift in Sources */ = {isa = PBXBuildFile; fileRef = B2A664E02A9612EF00AC8058 /* RegisterVC.swift */; };
		B2A664E32A9612EF00AC8058 /* RegisterVC.xib in Resources */ = {isa = PBXBuildFile; fileRef = B2A664E12A9612EF00AC8058 /* RegisterVC.xib */; };
		B2A664E72A96132800AC8058 /* PhotoViewerVC.swift in Sources */ = {isa = PBXBuildFile; fileRef = B2A664E52A96132800AC8058 /* PhotoViewerVC.swift */; };
		B2A664E82A96132800AC8058 /* PhotoViewerVC.xib in Resources */ = {isa = PBXBuildFile; fileRef = B2A664E62A96132800AC8058 /* PhotoViewerVC.xib */; };
		B2A664EC2A96134800AC8058 /* VideoPlayerVC.swift in Sources */ = {isa = PBXBuildFile; fileRef = B2A664EA2A96134800AC8058 /* VideoPlayerVC.swift */; };
		B2A664ED2A96134800AC8058 /* VideoPlayerVC.xib in Resources */ = {isa = PBXBuildFile; fileRef = B2A664EB2A96134800AC8058 /* VideoPlayerVC.xib */; };
		B2A664F12A96138D00AC8058 /* NewConversationVC.swift in Sources */ = {isa = PBXBuildFile; fileRef = B2A664EF2A96138D00AC8058 /* NewConversationVC.swift */; };
		B2A664F22A96138D00AC8058 /* NewConversationVC.xib in Resources */ = {isa = PBXBuildFile; fileRef = B2A664F02A96138D00AC8058 /* NewConversationVC.xib */; };
		B2A664F62A9613C000AC8058 /* ProfileVC.swift in Sources */ = {isa = PBXBuildFile; fileRef = B2A664F42A9613C000AC8058 /* ProfileVC.swift */; };
		B2A664F72A9613C000AC8058 /* ProfileVC.xib in Resources */ = {isa = PBXBuildFile; fileRef = B2A664F52A9613C000AC8058 /* ProfileVC.xib */; };
		B2A664F92A96198600AC8058 /* Extensions.swift in Sources */ = {isa = PBXBuildFile; fileRef = B2A664F82A96198600AC8058 /* Extensions.swift */; };
		B2A664FC2A965F4F00AC8058 /* FirebaseAuth in Frameworks */ = {isa = PBXBuildFile; productRef = B2A664FB2A965F4F00AC8058 /* FirebaseAuth */; };
		B2A664FE2A965F4F00AC8058 /* FirebaseDatabase in Frameworks */ = {isa = PBXBuildFile; productRef = B2A664FD2A965F4F00AC8058 /* FirebaseDatabase */; };
		B2A665022A966B2500AC8058 /* RegisterVM.swift in Sources */ = {isa = PBXBuildFile; fileRef = B2A665012A966B2500AC8058 /* RegisterVM.swift */; };
		B2A665042A9672D900AC8058 /* LoginVM.swift in Sources */ = {isa = PBXBuildFile; fileRef = B2A665032A9672D900AC8058 /* LoginVM.swift */; };
		B2A665082A967D4D00AC8058 /* DatabaseManager.swift in Sources */ = {isa = PBXBuildFile; fileRef = B2A665072A967D4D00AC8058 /* DatabaseManager.swift */; };
		B2A665122A9691DE00AC8058 /* TabbarController.swift in Sources */ = {isa = PBXBuildFile; fileRef = B2A665112A9691DE00AC8058 /* TabbarController.swift */; };
		B2A665172A973A9300AC8058 /* FacebookLogin in Frameworks */ = {isa = PBXBuildFile; productRef = B2A665162A973A9300AC8058 /* FacebookLogin */; };
		B2A6651D2A9A94FA00AC8058 /* GoogleSignIn in Frameworks */ = {isa = PBXBuildFile; productRef = B2A6651C2A9A94FA00AC8058 /* GoogleSignIn */; };
		B2A665232A9CD00800AC8058 /* GoogleService-Info.plist in Resources */ = {isa = PBXBuildFile; fileRef = B2A665222A9CD00800AC8058 /* GoogleService-Info.plist */; };
/* End PBXBuildFile section */

/* Begin PBXFileReference section */
		B2A664B82A960DCC00AC8058 /* DupliConnect.app */ = {isa = PBXFileReference; explicitFileType = wrapper.application; includeInIndex = 0; path = DupliConnect.app; sourceTree = BUILT_PRODUCTS_DIR; };
		B2A664BB2A960DCC00AC8058 /* AppDelegate.swift */ = {isa = PBXFileReference; lastKnownFileType = sourcecode.swift; path = AppDelegate.swift; sourceTree = "<group>"; };
		B2A664BD2A960DCC00AC8058 /* SceneDelegate.swift */ = {isa = PBXFileReference; lastKnownFileType = sourcecode.swift; path = SceneDelegate.swift; sourceTree = "<group>"; };
		B2A664C42A960DCD00AC8058 /* Assets.xcassets */ = {isa = PBXFileReference; lastKnownFileType = folder.assetcatalog; path = Assets.xcassets; sourceTree = "<group>"; };
		B2A664C72A960DCD00AC8058 /* Base */ = {isa = PBXFileReference; lastKnownFileType = file.storyboard; name = Base; path = Base.lproj/LaunchScreen.storyboard; sourceTree = "<group>"; };
		B2A664C92A960DCD00AC8058 /* Info.plist */ = {isa = PBXFileReference; lastKnownFileType = text.plist.xml; path = Info.plist; sourceTree = "<group>"; };
		B2A664D62A960ED600AC8058 /* ConversationsVC.swift */ = {isa = PBXFileReference; lastKnownFileType = sourcecode.swift; path = ConversationsVC.swift; sourceTree = "<group>"; };
		B2A664D72A960ED600AC8058 /* ConversationsVC.xib */ = {isa = PBXFileReference; lastKnownFileType = file.xib; path = ConversationsVC.xib; sourceTree = "<group>"; };
		B2A664DB2A9612AA00AC8058 /* LoginVC.swift */ = {isa = PBXFileReference; lastKnownFileType = sourcecode.swift; path = LoginVC.swift; sourceTree = "<group>"; };
		B2A664DC2A9612AA00AC8058 /* LoginVC.xib */ = {isa = PBXFileReference; lastKnownFileType = file.xib; path = LoginVC.xib; sourceTree = "<group>"; };
		B2A664E02A9612EF00AC8058 /* RegisterVC.swift */ = {isa = PBXFileReference; lastKnownFileType = sourcecode.swift; path = RegisterVC.swift; sourceTree = "<group>"; };
		B2A664E12A9612EF00AC8058 /* RegisterVC.xib */ = {isa = PBXFileReference; lastKnownFileType = file.xib; path = RegisterVC.xib; sourceTree = "<group>"; };
		B2A664E52A96132800AC8058 /* PhotoViewerVC.swift */ = {isa = PBXFileReference; lastKnownFileType = sourcecode.swift; path = PhotoViewerVC.swift; sourceTree = "<group>"; };
		B2A664E62A96132800AC8058 /* PhotoViewerVC.xib */ = {isa = PBXFileReference; lastKnownFileType = file.xib; path = PhotoViewerVC.xib; sourceTree = "<group>"; };
		B2A664EA2A96134800AC8058 /* VideoPlayerVC.swift */ = {isa = PBXFileReference; lastKnownFileType = sourcecode.swift; path = VideoPlayerVC.swift; sourceTree = "<group>"; };
		B2A664EB2A96134800AC8058 /* VideoPlayerVC.xib */ = {isa = PBXFileReference; lastKnownFileType = file.xib; path = VideoPlayerVC.xib; sourceTree = "<group>"; };
		B2A664EF2A96138D00AC8058 /* NewConversationVC.swift */ = {isa = PBXFileReference; lastKnownFileType = sourcecode.swift; path = NewConversationVC.swift; sourceTree = "<group>"; };
		B2A664F02A96138D00AC8058 /* NewConversationVC.xib */ = {isa = PBXFileReference; lastKnownFileType = file.xib; path = NewConversationVC.xib; sourceTree = "<group>"; };
		B2A664F42A9613C000AC8058 /* ProfileVC.swift */ = {isa = PBXFileReference; lastKnownFileType = sourcecode.swift; path = ProfileVC.swift; sourceTree = "<group>"; };
		B2A664F52A9613C000AC8058 /* ProfileVC.xib */ = {isa = PBXFileReference; lastKnownFileType = file.xib; path = ProfileVC.xib; sourceTree = "<group>"; };
		B2A664F82A96198600AC8058 /* Extensions.swift */ = {isa = PBXFileReference; lastKnownFileType = sourcecode.swift; path = Extensions.swift; sourceTree = "<group>"; };
		B2A665012A966B2500AC8058 /* RegisterVM.swift */ = {isa = PBXFileReference; lastKnownFileType = sourcecode.swift; path = RegisterVM.swift; sourceTree = "<group>"; };
		B2A665032A9672D900AC8058 /* LoginVM.swift */ = {isa = PBXFileReference; lastKnownFileType = sourcecode.swift; path = LoginVM.swift; sourceTree = "<group>"; };
		B2A665072A967D4D00AC8058 /* DatabaseManager.swift */ = {isa = PBXFileReference; lastKnownFileType = sourcecode.swift; path = DatabaseManager.swift; sourceTree = "<group>"; };
		B2A665112A9691DE00AC8058 /* TabbarController.swift */ = {isa = PBXFileReference; lastKnownFileType = sourcecode.swift; path = TabbarController.swift; sourceTree = "<group>"; };
		B2A665182A973E4100AC8058 /* DupliConnect.entitlements */ = {isa = PBXFileReference; lastKnownFileType = text.plist.entitlements; path = DupliConnect.entitlements; sourceTree = "<group>"; };
		B2A665222A9CD00800AC8058 /* GoogleService-Info.plist */ = {isa = PBXFileReference; fileEncoding = 4; lastKnownFileType = text.plist.xml; path = "GoogleService-Info.plist"; sourceTree = "<group>"; };
/* End PBXFileReference section */

/* Begin PBXFrameworksBuildPhase section */
		B2A664B52A960DCC00AC8058 /* Frameworks */ = {
			isa = PBXFrameworksBuildPhase;
			buildActionMask = 2147483647;
			files = (
				B2A664FE2A965F4F00AC8058 /* FirebaseDatabase in Frameworks */,
				B2A6651D2A9A94FA00AC8058 /* GoogleSignIn in Frameworks */,
				B2A664FC2A965F4F00AC8058 /* FirebaseAuth in Frameworks */,
				B2A665172A973A9300AC8058 /* FacebookLogin in Frameworks */,
			);
			runOnlyForDeploymentPostprocessing = 0;
		};
/* End PBXFrameworksBuildPhase section */

/* Begin PBXGroup section */
		B2A664AF2A960DCC00AC8058 = {
			isa = PBXGroup;
			children = (
				B2A664BA2A960DCC00AC8058 /* DupliConnect */,
				B2A664B92A960DCC00AC8058 /* Products */,
			);
			sourceTree = "<group>";
		};
		B2A664B92A960DCC00AC8058 /* Products */ = {
			isa = PBXGroup;
			children = (
				B2A664B82A960DCC00AC8058 /* DupliConnect.app */,
			);
			name = Products;
			sourceTree = "<group>";
		};
		B2A664BA2A960DCC00AC8058 /* DupliConnect */ = {
			isa = PBXGroup;
			children = (
				B2A665222A9CD00800AC8058 /* GoogleService-Info.plist */,
				B2A665182A973E4100AC8058 /* DupliConnect.entitlements */,
				B2A664D32A960E1800AC8058 /* Resources */,
				B2A664D12A960DFC00AC8058 /* ViewModels */,
				B2A664D02A960DF400AC8058 /* Models */,
				B2A664CF2A960DE400AC8058 /* Views */,
				B2A664D22A960E0400AC8058 /* Controllers */,
				B2A664C92A960DCD00AC8058 /* Info.plist */,
			);
			path = DupliConnect;
			sourceTree = "<group>";
		};
		B2A664CF2A960DE400AC8058 /* Views */ = {
			isa = PBXGroup;
			children = (
				B2A664D42A960E5400AC8058 /* Storyboards */,
				B2A664C42A960DCD00AC8058 /* Assets.xcassets */,
			);
			path = Views;
			sourceTree = "<group>";
		};
		B2A664D02A960DF400AC8058 /* Models */ = {
			isa = PBXGroup;
			children = (
			);
			path = Models;
			sourceTree = "<group>";
		};
		B2A664D12A960DFC00AC8058 /* ViewModels */ = {
			isa = PBXGroup;
			children = (
				B2A665012A966B2500AC8058 /* RegisterVM.swift */,
				B2A665032A9672D900AC8058 /* LoginVM.swift */,
			);
			path = ViewModels;
			sourceTree = "<group>";
		};
		B2A664D22A960E0400AC8058 /* Controllers */ = {
			isa = PBXGroup;
			children = (
				B2A665102A9691CB00AC8058 /* TabbarController */,
				B2A664F32A9613AB00AC8058 /* ProfileVC */,
				B2A664EE2A96135600AC8058 /* NewConversationVC */,
				B2A664E92A96133300AC8058 /* VideoPlayerVC */,
				B2A664E42A9612F800AC8058 /* PhotoViewerVC */,
				B2A664DF2A9612D200AC8058 /* RegisterVC */,
				B2A664DA2A96129100AC8058 /* LoginVC */,
				B2A664D52A960EB600AC8058 /* ConversationsVC */,
			);
			path = Controllers;
			sourceTree = "<group>";
		};
		B2A664D32A960E1800AC8058 /* Resources */ = {
			isa = PBXGroup;
			children = (
				B2A664BB2A960DCC00AC8058 /* AppDelegate.swift */,
				B2A664BD2A960DCC00AC8058 /* SceneDelegate.swift */,
				B2A664F82A96198600AC8058 /* Extensions.swift */,
				B2A665072A967D4D00AC8058 /* DatabaseManager.swift */,
			);
			path = Resources;
			sourceTree = "<group>";
		};
		B2A664D42A960E5400AC8058 /* Storyboards */ = {
			isa = PBXGroup;
			children = (
				B2A664C62A960DCD00AC8058 /* LaunchScreen.storyboard */,
			);
			path = Storyboards;
			sourceTree = "<group>";
		};
		B2A664D52A960EB600AC8058 /* ConversationsVC */ = {
			isa = PBXGroup;
			children = (
				B2A664D62A960ED600AC8058 /* ConversationsVC.swift */,
				B2A664D72A960ED600AC8058 /* ConversationsVC.xib */,
			);
			path = ConversationsVC;
			sourceTree = "<group>";
		};
		B2A664DA2A96129100AC8058 /* LoginVC */ = {
			isa = PBXGroup;
			children = (
				B2A664DB2A9612AA00AC8058 /* LoginVC.swift */,
				B2A664DC2A9612AA00AC8058 /* LoginVC.xib */,
			);
			path = LoginVC;
			sourceTree = "<group>";
		};
		B2A664DF2A9612D200AC8058 /* RegisterVC */ = {
			isa = PBXGroup;
			children = (
				B2A664E02A9612EF00AC8058 /* RegisterVC.swift */,
				B2A664E12A9612EF00AC8058 /* RegisterVC.xib */,
			);
			path = RegisterVC;
			sourceTree = "<group>";
		};
		B2A664E42A9612F800AC8058 /* PhotoViewerVC */ = {
			isa = PBXGroup;
			children = (
				B2A664E52A96132800AC8058 /* PhotoViewerVC.swift */,
				B2A664E62A96132800AC8058 /* PhotoViewerVC.xib */,
			);
			path = PhotoViewerVC;
			sourceTree = "<group>";
		};
		B2A664E92A96133300AC8058 /* VideoPlayerVC */ = {
			isa = PBXGroup;
			children = (
				B2A664EA2A96134800AC8058 /* VideoPlayerVC.swift */,
				B2A664EB2A96134800AC8058 /* VideoPlayerVC.xib */,
			);
			path = VideoPlayerVC;
			sourceTree = "<group>";
		};
		B2A664EE2A96135600AC8058 /* NewConversationVC */ = {
			isa = PBXGroup;
			children = (
				B2A664EF2A96138D00AC8058 /* NewConversationVC.swift */,
				B2A664F02A96138D00AC8058 /* NewConversationVC.xib */,
			);
			path = NewConversationVC;
			sourceTree = "<group>";
		};
		B2A664F32A9613AB00AC8058 /* ProfileVC */ = {
			isa = PBXGroup;
			children = (
				B2A664F42A9613C000AC8058 /* ProfileVC.swift */,
				B2A664F52A9613C000AC8058 /* ProfileVC.xib */,
			);
			path = ProfileVC;
			sourceTree = "<group>";
		};
		B2A665102A9691CB00AC8058 /* TabbarController */ = {
			isa = PBXGroup;
			children = (
				B2A665112A9691DE00AC8058 /* TabbarController.swift */,
			);
			path = TabbarController;
			sourceTree = "<group>";
		};
/* End PBXGroup section */

/* Begin PBXNativeTarget section */
		B2A664B72A960DCC00AC8058 /* DupliConnect */ = {
			isa = PBXNativeTarget;
			buildConfigurationList = B2A664CC2A960DCD00AC8058 /* Build configuration list for PBXNativeTarget "DupliConnect" */;
			buildPhases = (
				B2A664B42A960DCC00AC8058 /* Sources */,
				B2A664B52A960DCC00AC8058 /* Frameworks */,
				B2A664B62A960DCC00AC8058 /* Resources */,
			);
			buildRules = (
			);
			dependencies = (
			);
			name = DupliConnect;
			packageProductDependencies = (
				B2A664FB2A965F4F00AC8058 /* FirebaseAuth */,
				B2A664FD2A965F4F00AC8058 /* FirebaseDatabase */,
				B2A665162A973A9300AC8058 /* FacebookLogin */,
				B2A6651C2A9A94FA00AC8058 /* GoogleSignIn */,
			);
			productName = DupliConnect;
			productReference = B2A664B82A960DCC00AC8058 /* DupliConnect.app */;
			productType = "com.apple.product-type.application";
		};
/* End PBXNativeTarget section */

/* Begin PBXProject section */
		B2A664B02A960DCC00AC8058 /* Project object */ = {
			isa = PBXProject;
			attributes = {
				BuildIndependentTargetsInParallel = 1;
				LastSwiftUpdateCheck = 1430;
				LastUpgradeCheck = 1430;
				TargetAttributes = {
					B2A664B72A960DCC00AC8058 = {
						CreatedOnToolsVersion = 14.3.1;
					};
				};
			};
			buildConfigurationList = B2A664B32A960DCC00AC8058 /* Build configuration list for PBXProject "DupliConnect" */;
			compatibilityVersion = "Xcode 14.0";
			developmentRegion = en;
			hasScannedForEncodings = 0;
			knownRegions = (
				en,
				Base,
			);
			mainGroup = B2A664AF2A960DCC00AC8058;
			packageReferences = (
				B2A664FA2A965F4F00AC8058 /* XCRemoteSwiftPackageReference "firebase-ios-sdk" */,
				B2A665152A973A9300AC8058 /* XCRemoteSwiftPackageReference "facebook-ios-sdk" */,
				B2A6651B2A9A94FA00AC8058 /* XCRemoteSwiftPackageReference "GoogleSignIn-iOS" */,
			);
			productRefGroup = B2A664B92A960DCC00AC8058 /* Products */;
			projectDirPath = "";
			projectRoot = "";
			targets = (
				B2A664B72A960DCC00AC8058 /* DupliConnect */,
			);
		};
/* End PBXProject section */

/* Begin PBXResourcesBuildPhase section */
		B2A664B62A960DCC00AC8058 /* Resources */ = {
			isa = PBXResourcesBuildPhase;
			buildActionMask = 2147483647;
			files = (
				B2A664C82A960DCD00AC8058 /* LaunchScreen.storyboard in Resources */,
				B2A664F72A9613C000AC8058 /* ProfileVC.xib in Resources */,
				B2A664C52A960DCD00AC8058 /* Assets.xcassets in Resources */,
				B2A664DE2A9612AA00AC8058 /* LoginVC.xib in Resources */,
				B2A664D92A960ED600AC8058 /* ConversationsVC.xib in Resources */,
				B2A664F22A96138D00AC8058 /* NewConversationVC.xib in Resources */,
				B2A664ED2A96134800AC8058 /* VideoPlayerVC.xib in Resources */,
				B2A665232A9CD00800AC8058 /* GoogleService-Info.plist in Resources */,
				B2A664E32A9612EF00AC8058 /* RegisterVC.xib in Resources */,
				B2A664E82A96132800AC8058 /* PhotoViewerVC.xib in Resources */,
			);
			runOnlyForDeploymentPostprocessing = 0;
		};
/* End PBXResourcesBuildPhase section */

/* Begin PBXSourcesBuildPhase section */
		B2A664B42A960DCC00AC8058 /* Sources */ = {
			isa = PBXSourcesBuildPhase;
			buildActionMask = 2147483647;
			files = (
				B2A664F12A96138D00AC8058 /* NewConversationVC.swift in Sources */,
				B2A664EC2A96134800AC8058 /* VideoPlayerVC.swift in Sources */,
				B2A665082A967D4D00AC8058 /* DatabaseManager.swift in Sources */,
				B2A664BC2A960DCC00AC8058 /* AppDelegate.swift in Sources */,
				B2A664F62A9613C000AC8058 /* ProfileVC.swift in Sources */,
				B2A664BE2A960DCC00AC8058 /* SceneDelegate.swift in Sources */,
				B2A665022A966B2500AC8058 /* RegisterVM.swift in Sources */,
				B2A664F92A96198600AC8058 /* Extensions.swift in Sources */,
				B2A664DD2A9612AA00AC8058 /* LoginVC.swift in Sources */,
				B2A665042A9672D900AC8058 /* LoginVM.swift in Sources */,
				B2A664E72A96132800AC8058 /* PhotoViewerVC.swift in Sources */,
				B2A664D82A960ED600AC8058 /* ConversationsVC.swift in Sources */,
				B2A664E22A9612EF00AC8058 /* RegisterVC.swift in Sources */,
				B2A665122A9691DE00AC8058 /* TabbarController.swift in Sources */,
			);
			runOnlyForDeploymentPostprocessing = 0;
		};
/* End PBXSourcesBuildPhase section */

/* Begin PBXVariantGroup section */
		B2A664C62A960DCD00AC8058 /* LaunchScreen.storyboard */ = {
			isa = PBXVariantGroup;
			children = (
				B2A664C72A960DCD00AC8058 /* Base */,
			);
			name = LaunchScreen.storyboard;
			sourceTree = "<group>";
		};
/* End PBXVariantGroup section */

/* Begin XCBuildConfiguration section */
		B2A664CA2A960DCD00AC8058 /* Debug */ = {
			isa = XCBuildConfiguration;
			buildSettings = {
				ALWAYS_SEARCH_USER_PATHS = NO;
				CLANG_ANALYZER_NONNULL = YES;
				CLANG_ANALYZER_NUMBER_OBJECT_CONVERSION = YES_AGGRESSIVE;
				CLANG_CXX_LANGUAGE_STANDARD = "gnu++20";
				CLANG_ENABLE_MODULES = YES;
				CLANG_ENABLE_OBJC_ARC = YES;
				CLANG_ENABLE_OBJC_WEAK = YES;
				CLANG_WARN_BLOCK_CAPTURE_AUTORELEASING = YES;
				CLANG_WARN_BOOL_CONVERSION = YES;
				CLANG_WARN_COMMA = YES;
				CLANG_WARN_CONSTANT_CONVERSION = YES;
				CLANG_WARN_DEPRECATED_OBJC_IMPLEMENTATIONS = YES;
				CLANG_WARN_DIRECT_OBJC_ISA_USAGE = YES_ERROR;
				CLANG_WARN_DOCUMENTATION_COMMENTS = YES;
				CLANG_WARN_EMPTY_BODY = YES;
				CLANG_WARN_ENUM_CONVERSION = YES;
				CLANG_WARN_INFINITE_RECURSION = YES;
				CLANG_WARN_INT_CONVERSION = YES;
				CLANG_WARN_NON_LITERAL_NULL_CONVERSION = YES;
				CLANG_WARN_OBJC_IMPLICIT_RETAIN_SELF = YES;
				CLANG_WARN_OBJC_LITERAL_CONVERSION = YES;
				CLANG_WARN_OBJC_ROOT_CLASS = YES_ERROR;
				CLANG_WARN_QUOTED_INCLUDE_IN_FRAMEWORK_HEADER = YES;
				CLANG_WARN_RANGE_LOOP_ANALYSIS = YES;
				CLANG_WARN_STRICT_PROTOTYPES = YES;
				CLANG_WARN_SUSPICIOUS_MOVE = YES;
				CLANG_WARN_UNGUARDED_AVAILABILITY = YES_AGGRESSIVE;
				CLANG_WARN_UNREACHABLE_CODE = YES;
				CLANG_WARN__DUPLICATE_METHOD_MATCH = YES;
				COPY_PHASE_STRIP = NO;
				DEBUG_INFORMATION_FORMAT = dwarf;
				ENABLE_STRICT_OBJC_MSGSEND = YES;
				ENABLE_TESTABILITY = YES;
				GCC_C_LANGUAGE_STANDARD = gnu11;
				GCC_DYNAMIC_NO_PIC = NO;
				GCC_NO_COMMON_BLOCKS = YES;
				GCC_OPTIMIZATION_LEVEL = 0;
				GCC_PREPROCESSOR_DEFINITIONS = (
					"DEBUG=1",
					"$(inherited)",
				);
				GCC_WARN_64_TO_32_BIT_CONVERSION = YES;
				GCC_WARN_ABOUT_RETURN_TYPE = YES_ERROR;
				GCC_WARN_UNDECLARED_SELECTOR = YES;
				GCC_WARN_UNINITIALIZED_AUTOS = YES_AGGRESSIVE;
				GCC_WARN_UNUSED_FUNCTION = YES;
				GCC_WARN_UNUSED_VARIABLE = YES;
				IPHONEOS_DEPLOYMENT_TARGET = 16.4;
				MTL_ENABLE_DEBUG_INFO = INCLUDE_SOURCE;
				MTL_FAST_MATH = YES;
				ONLY_ACTIVE_ARCH = YES;
				SDKROOT = iphoneos;
				SWIFT_ACTIVE_COMPILATION_CONDITIONS = DEBUG;
				SWIFT_OPTIMIZATION_LEVEL = "-Onone";
			};
			name = Debug;
		};
		B2A664CB2A960DCD00AC8058 /* Release */ = {
			isa = XCBuildConfiguration;
			buildSettings = {
				ALWAYS_SEARCH_USER_PATHS = NO;
				CLANG_ANALYZER_NONNULL = YES;
				CLANG_ANALYZER_NUMBER_OBJECT_CONVERSION = YES_AGGRESSIVE;
				CLANG_CXX_LANGUAGE_STANDARD = "gnu++20";
				CLANG_ENABLE_MODULES = YES;
				CLANG_ENABLE_OBJC_ARC = YES;
				CLANG_ENABLE_OBJC_WEAK = YES;
				CLANG_WARN_BLOCK_CAPTURE_AUTORELEASING = YES;
				CLANG_WARN_BOOL_CONVERSION = YES;
				CLANG_WARN_COMMA = YES;
				CLANG_WARN_CONSTANT_CONVERSION = YES;
				CLANG_WARN_DEPRECATED_OBJC_IMPLEMENTATIONS = YES;
				CLANG_WARN_DIRECT_OBJC_ISA_USAGE = YES_ERROR;
				CLANG_WARN_DOCUMENTATION_COMMENTS = YES;
				CLANG_WARN_EMPTY_BODY = YES;
				CLANG_WARN_ENUM_CONVERSION = YES;
				CLANG_WARN_INFINITE_RECURSION = YES;
				CLANG_WARN_INT_CONVERSION = YES;
				CLANG_WARN_NON_LITERAL_NULL_CONVERSION = YES;
				CLANG_WARN_OBJC_IMPLICIT_RETAIN_SELF = YES;
				CLANG_WARN_OBJC_LITERAL_CONVERSION = YES;
				CLANG_WARN_OBJC_ROOT_CLASS = YES_ERROR;
				CLANG_WARN_QUOTED_INCLUDE_IN_FRAMEWORK_HEADER = YES;
				CLANG_WARN_RANGE_LOOP_ANALYSIS = YES;
				CLANG_WARN_STRICT_PROTOTYPES = YES;
				CLANG_WARN_SUSPICIOUS_MOVE = YES;
				CLANG_WARN_UNGUARDED_AVAILABILITY = YES_AGGRESSIVE;
				CLANG_WARN_UNREACHABLE_CODE = YES;
				CLANG_WARN__DUPLICATE_METHOD_MATCH = YES;
				COPY_PHASE_STRIP = NO;
				DEBUG_INFORMATION_FORMAT = "dwarf-with-dsym";
				ENABLE_NS_ASSERTIONS = NO;
				ENABLE_STRICT_OBJC_MSGSEND = YES;
				GCC_C_LANGUAGE_STANDARD = gnu11;
				GCC_NO_COMMON_BLOCKS = YES;
				GCC_WARN_64_TO_32_BIT_CONVERSION = YES;
				GCC_WARN_ABOUT_RETURN_TYPE = YES_ERROR;
				GCC_WARN_UNDECLARED_SELECTOR = YES;
				GCC_WARN_UNINITIALIZED_AUTOS = YES_AGGRESSIVE;
				GCC_WARN_UNUSED_FUNCTION = YES;
				GCC_WARN_UNUSED_VARIABLE = YES;
				IPHONEOS_DEPLOYMENT_TARGET = 16.4;
				MTL_ENABLE_DEBUG_INFO = NO;
				MTL_FAST_MATH = YES;
				SDKROOT = iphoneos;
				SWIFT_COMPILATION_MODE = wholemodule;
				SWIFT_OPTIMIZATION_LEVEL = "-O";
				VALIDATE_PRODUCT = YES;
			};
			name = Release;
		};
		B2A664CD2A960DCD00AC8058 /* Debug */ = {
			isa = XCBuildConfiguration;
			buildSettings = {
				ASSETCATALOG_COMPILER_APPICON_NAME = AppIcon;
				ASSETCATALOG_COMPILER_GLOBAL_ACCENT_COLOR_NAME = AccentColor;
				CODE_SIGN_ENTITLEMENTS = DupliConnect/DupliConnect.entitlements;
				CODE_SIGN_STYLE = Automatic;
				CURRENT_PROJECT_VERSION = 1;
				DEVELOPMENT_TEAM = 44MZ84GM49;
				GENERATE_INFOPLIST_FILE = YES;
				INFOPLIST_FILE = DupliConnect/Info.plist;
				INFOPLIST_KEY_NSCameraUsageDescription = "Please allow access to take a profile picture";
				INFOPLIST_KEY_NSPhotoLibraryAddUsageDescription = "Please allow access to select a photo for your profile.";
				INFOPLIST_KEY_UIApplicationSupportsIndirectInputEvents = YES;
				INFOPLIST_KEY_UILaunchStoryboardName = LaunchScreen;
				INFOPLIST_KEY_UISupportedInterfaceOrientations = UIInterfaceOrientationPortrait;
				IPHONEOS_DEPLOYMENT_TARGET = 13.0;
				LD_RUNPATH_SEARCH_PATHS = (
					"$(inherited)",
					"@executable_path/Frameworks",
				);
				MARKETING_VERSION = 1.0;
				PRODUCT_BUNDLE_IDENTIFIER = com.mehmetcansimsek.DupliConnect;
				PRODUCT_NAME = "$(TARGET_NAME)";
				SWIFT_EMIT_LOC_STRINGS = YES;
				SWIFT_VERSION = 5.0;
				TARGETED_DEVICE_FAMILY = "1,2";
			};
			name = Debug;
		};
		B2A664CE2A960DCD00AC8058 /* Release */ = {
			isa = XCBuildConfiguration;
			buildSettings = {
				ASSETCATALOG_COMPILER_APPICON_NAME = AppIcon;
				ASSETCATALOG_COMPILER_GLOBAL_ACCENT_COLOR_NAME = AccentColor;
				CODE_SIGN_ENTITLEMENTS = DupliConnect/DupliConnect.entitlements;
				CODE_SIGN_STYLE = Automatic;
				CURRENT_PROJECT_VERSION = 1;
				DEVELOPMENT_TEAM = 44MZ84GM49;
				GENERATE_INFOPLIST_FILE = YES;
				INFOPLIST_FILE = DupliConnect/Info.plist;
				INFOPLIST_KEY_NSCameraUsageDescription = "Please allow access to take a profile picture";
				INFOPLIST_KEY_NSPhotoLibraryAddUsageDescription = "Please allow access to select a photo for your profile.";
				INFOPLIST_KEY_UIApplicationSupportsIndirectInputEvents = YES;
				INFOPLIST_KEY_UILaunchStoryboardName = LaunchScreen;
				INFOPLIST_KEY_UISupportedInterfaceOrientations = UIInterfaceOrientationPortrait;
				IPHONEOS_DEPLOYMENT_TARGET = 13.0;
				LD_RUNPATH_SEARCH_PATHS = (
					"$(inherited)",
					"@executable_path/Frameworks",
				);
				MARKETING_VERSION = 1.0;
				PRODUCT_BUNDLE_IDENTIFIER = com.mehmetcansimsek.DupliConnect;
				PRODUCT_NAME = "$(TARGET_NAME)";
				SWIFT_EMIT_LOC_STRINGS = YES;
				SWIFT_VERSION = 5.0;
				TARGETED_DEVICE_FAMILY = "1,2";
			};
			name = Release;
		};
/* End XCBuildConfiguration section */

/* Begin XCConfigurationList section */
		B2A664B32A960DCC00AC8058 /* Build configuration list for PBXProject "DupliConnect" */ = {
			isa = XCConfigurationList;
			buildConfigurations = (
				B2A664CA2A960DCD00AC8058 /* Debug */,
				B2A664CB2A960DCD00AC8058 /* Release */,
			);
			defaultConfigurationIsVisible = 0;
			defaultConfigurationName = Release;
		};
		B2A664CC2A960DCD00AC8058 /* Build configuration list for PBXNativeTarget "DupliConnect" */ = {
			isa = XCConfigurationList;
			buildConfigurations = (
				B2A664CD2A960DCD00AC8058 /* Debug */,
				B2A664CE2A960DCD00AC8058 /* Release */,
			);
			defaultConfigurationIsVisible = 0;
			defaultConfigurationName = Release;
		};
/* End XCConfigurationList section */

/* Begin XCRemoteSwiftPackageReference section */
		B2A664FA2A965F4F00AC8058 /* XCRemoteSwiftPackageReference "firebase-ios-sdk" */ = {
			isa = XCRemoteSwiftPackageReference;
			repositoryURL = "https://github.com/firebase/firebase-ios-sdk.git";
			requirement = {
				kind = upToNextMajorVersion;
				minimumVersion = 10.0.0;
			};
		};
		B2A665152A973A9300AC8058 /* XCRemoteSwiftPackageReference "facebook-ios-sdk" */ = {
			isa = XCRemoteSwiftPackageReference;
			repositoryURL = "https://github.com/facebook/facebook-ios-sdk";
			requirement = {
				kind = upToNextMajorVersion;
				minimumVersion = 14.0.0;
			};
		};
		B2A6651B2A9A94FA00AC8058 /* XCRemoteSwiftPackageReference "GoogleSignIn-iOS" */ = {
			isa = XCRemoteSwiftPackageReference;
			repositoryURL = "https://github.com/google/GoogleSignIn-iOS.git";
			requirement = {
				kind = upToNextMajorVersion;
				minimumVersion = 7.0.0;
			};
		};
/* End XCRemoteSwiftPackageReference section */

/* Begin XCSwiftPackageProductDependency section */
		B2A664FB2A965F4F00AC8058 /* FirebaseAuth */ = {
			isa = XCSwiftPackageProductDependency;
			package = B2A664FA2A965F4F00AC8058 /* XCRemoteSwiftPackageReference "firebase-ios-sdk" */;
			productName = FirebaseAuth;
		};
		B2A664FD2A965F4F00AC8058 /* FirebaseDatabase */ = {
			isa = XCSwiftPackageProductDependency;
			package = B2A664FA2A965F4F00AC8058 /* XCRemoteSwiftPackageReference "firebase-ios-sdk" */;
			productName = FirebaseDatabase;
		};
		B2A665162A973A9300AC8058 /* FacebookLogin */ = {
			isa = XCSwiftPackageProductDependency;
			package = B2A665152A973A9300AC8058 /* XCRemoteSwiftPackageReference "facebook-ios-sdk" */;
			productName = FacebookLogin;
		};
		B2A6651C2A9A94FA00AC8058 /* GoogleSignIn */ = {
			isa = XCSwiftPackageProductDependency;
			package = B2A6651B2A9A94FA00AC8058 /* XCRemoteSwiftPackageReference "GoogleSignIn-iOS" */;
			productName = GoogleSignIn;
		};
/* End XCSwiftPackageProductDependency section */
	};
	rootObject = B2A664B02A960DCC00AC8058 /* Project object */;
}
